// !$*UTF8*$!
{
	archiveVersion = 1;
	classes = {
	};
	objectVersion = 77;
	objects = {

/* Begin PBXBuildFile section */
		788DEBB12DA7F06800673B16 /* FirebaseAnalytics in Frameworks */ = {isa = PBXBuildFile; productRef = 788DEBB02DA7F06800673B16 /* FirebaseAnalytics */; };
		788DEBB32DA7F06800673B16 /* FirebaseAnalyticsOnDeviceConversion in Frameworks */ = {isa = PBXBuildFile; productRef = 788DEBB22DA7F06800673B16 /* FirebaseAnalyticsOnDeviceConversion */; };
		788DEBB52DA7F06800673B16 /* FirebaseAnalyticsWithoutAdIdSupport in Frameworks */ = {isa = PBXBuildFile; productRef = 788DEBB42DA7F06800673B16 /* FirebaseAnalyticsWithoutAdIdSupport */; };
		788DEBB72DA7F06800673B16 /* FirebaseAppCheck in Frameworks */ = {isa = PBXBuildFile; productRef = 788DEBB62DA7F06800673B16 /* FirebaseAppCheck */; };
		788DEBB92DA7F06800673B16 /* FirebaseAppDistribution-Beta in Frameworks */ = {isa = PBXBuildFile; productRef = 788DEBB82DA7F06800673B16 /* FirebaseAppDistribution-Beta */; };
		788DEBBC2DA7F07A00673B16 /* FirebaseAuth in Frameworks */ = {isa = PBXBuildFile; productRef = 788DEBBB2DA7F07A00673B16 /* FirebaseAuth */; };
		788DEBBE2DA7F08000673B16 /* FirebaseCore in Frameworks */ = {isa = PBXBuildFile; productRef = 788DEBBD2DA7F08000673B16 /* FirebaseCore */; };
		788DEBC02DA7F08600673B16 /* FirebaseFirestore in Frameworks */ = {isa = PBXBuildFile; productRef = 788DEBBF2DA7F08600673B16 /* FirebaseFirestore */; };
		788DED2B2DABA0AA00673B16 /* FirebaseStorage in Frameworks */ = {isa = PBXBuildFile; productRef = 788DED2A2DABA0AA00673B16 /* FirebaseStorage */; };
/* End PBXBuildFile section */

/* Begin PBXFileReference section */
		788DEB492DA7EE8D00673B16 /* HealthSync.app */ = {isa = PBXFileReference; explicitFileType = wrapper.application; includeInIndex = 0; path = HealthSync.app; sourceTree = BUILT_PRODUCTS_DIR; };
/* End PBXFileReference section */

/* Begin PBXFileSystemSynchronizedBuildFileExceptionSet section */
		788DEB5B2DA7EE8F00673B16 /* Exceptions for "HealthSync" folder in "HealthSync" target */ = {
			isa = PBXFileSystemSynchronizedBuildFileExceptionSet;
			membershipExceptions = (
				Info.plist,
			);
			target = 788DEB482DA7EE8D00673B16 /* HealthSync */;
		};
/* End PBXFileSystemSynchronizedBuildFileExceptionSet section */

/* Begin PBXFileSystemSynchronizedRootGroup section */
		788DEB4B2DA7EE8D00673B16 /* HealthSync */ = {
			isa = PBXFileSystemSynchronizedRootGroup;
			exceptions = (
				788DEB5B2DA7EE8F00673B16 /* Exceptions for "HealthSync" folder in "HealthSync" target */,
			);
			path = HealthSync;
			sourceTree = "<group>";
		};
/* End PBXFileSystemSynchronizedRootGroup section */

/* Begin PBXFrameworksBuildPhase section */
		788DEB462DA7EE8D00673B16 /* Frameworks */ = {
			isa = PBXFrameworksBuildPhase;
			buildActionMask = 2147483647;
			files = (
				788DEBB72DA7F06800673B16 /* FirebaseAppCheck in Frameworks */,
				788DEBBC2DA7F07A00673B16 /* FirebaseAuth in Frameworks */,
				788DED2B2DABA0AA00673B16 /* FirebaseStorage in Frameworks */,
				788DEBB12DA7F06800673B16 /* FirebaseAnalytics in Frameworks */,
				788DEBB92DA7F06800673B16 /* FirebaseAppDistribution-Beta in Frameworks */,
				788DEBBE2DA7F08000673B16 /* FirebaseCore in Frameworks */,
				788DEBC02DA7F08600673B16 /* FirebaseFirestore in Frameworks */,
				788DEBB52DA7F06800673B16 /* FirebaseAnalyticsWithoutAdIdSupport in Frameworks */,
				788DEBB32DA7F06800673B16 /* FirebaseAnalyticsOnDeviceConversion in Frameworks */,
			);
			runOnlyForDeploymentPostprocessing = 0;
		};
/* End PBXFrameworksBuildPhase section */

/* Begin PBXGroup section */
		788DEB402DA7EE8D00673B16 = {
			isa = PBXGroup;
			children = (
				788DEB4B2DA7EE8D00673B16 /* HealthSync */,
				788DEBBA2DA7F07A00673B16 /* Frameworks */,
				788DEB4A2DA7EE8D00673B16 /* Products */,
			);
			sourceTree = "<group>";
		};
		788DEB4A2DA7EE8D00673B16 /* Products */ = {
			isa = PBXGroup;
			children = (
				788DEB492DA7EE8D00673B16 /* HealthSync.app */,
			);
			name = Products;
			sourceTree = "<group>";
		};
		788DEBBA2DA7F07A00673B16 /* Frameworks */ = {
			isa = PBXGroup;
			children = (
			);
			name = Frameworks;
			sourceTree = "<group>";
		};
/* End PBXGroup section */

/* Begin PBXNativeTarget section */
		788DEB482DA7EE8D00673B16 /* HealthSync */ = {
			isa = PBXNativeTarget;
			buildConfigurationList = 788DEB5C2DA7EE8F00673B16 /* Build configuration list for PBXNativeTarget "HealthSync" */;
			buildPhases = (
				788DEB452DA7EE8D00673B16 /* Sources */,
				788DEB462DA7EE8D00673B16 /* Frameworks */,
				788DEB472DA7EE8D00673B16 /* Resources */,
			);
			buildRules = (
			);
			dependencies = (
			);
			fileSystemSynchronizedGroups = (
				788DEB4B2DA7EE8D00673B16 /* HealthSync */,
			);
			name = HealthSync;
			packageProductDependencies = (
				788DEBB02DA7F06800673B16 /* FirebaseAnalytics */,
				788DEBB22DA7F06800673B16 /* FirebaseAnalyticsOnDeviceConversion */,
				788DEBB42DA7F06800673B16 /* FirebaseAnalyticsWithoutAdIdSupport */,
				788DEBB62DA7F06800673B16 /* FirebaseAppCheck */,
				788DEBB82DA7F06800673B16 /* FirebaseAppDistribution-Beta */,
				788DEBBB2DA7F07A00673B16 /* FirebaseAuth */,
				788DEBBD2DA7F08000673B16 /* FirebaseCore */,
				788DEBBF2DA7F08600673B16 /* FirebaseFirestore */,
				788DED2A2DABA0AA00673B16 /* FirebaseStorage */,
			);
			productName = HealthSync;
			productReference = 788DEB492DA7EE8D00673B16 /* HealthSync.app */;
			productType = "com.apple.product-type.application";
		};
/* End PBXNativeTarget section */

/* Begin PBXProject section */
		788DEB412DA7EE8D00673B16 /* Project object */ = {
			isa = PBXProject;
			attributes = {
				BuildIndependentTargetsInParallel = 1;
				LastSwiftUpdateCheck = 1600;
				LastUpgradeCheck = 1600;
				TargetAttributes = {
					788DEB482DA7EE8D00673B16 = {
						CreatedOnToolsVersion = 16.0;
					};
				};
			};
			buildConfigurationList = 788DEB442DA7EE8D00673B16 /* Build configuration list for PBXProject "HealthSync" */;
			developmentRegion = en;
			hasScannedForEncodings = 0;
			knownRegions = (
				en,
				Base,
			);
			mainGroup = 788DEB402DA7EE8D00673B16;
			minimizedProjectReferenceProxies = 1;
			packageReferences = (
				788DEBAF2DA7F06800673B16 /* XCRemoteSwiftPackageReference "firebase-ios-sdk" */,
			);
			preferredProjectObjectVersion = 77;
			productRefGroup = 788DEB4A2DA7EE8D00673B16 /* Products */;
			projectDirPath = "";
			projectRoot = "";
			targets = (
				788DEB482DA7EE8D00673B16 /* HealthSync */,
			);
		};
/* End PBXProject section */

/* Begin PBXResourcesBuildPhase section */
		788DEB472DA7EE8D00673B16 /* Resources */ = {
			isa = PBXResourcesBuildPhase;
			buildActionMask = 2147483647;
			files = (
			);
			runOnlyForDeploymentPostprocessing = 0;
		};
/* End PBXResourcesBuildPhase section */

/* Begin PBXSourcesBuildPhase section */
		788DEB452DA7EE8D00673B16 /* Sources */ = {
			isa = PBXSourcesBuildPhase;
			buildActionMask = 2147483647;
			files = (
			);
			runOnlyForDeploymentPostprocessing = 0;
		};
/* End PBXSourcesBuildPhase section */

/* Begin XCBuildConfiguration section */
		788DEB5D2DA7EE8F00673B16 /* Debug */ = {
			isa = XCBuildConfiguration;
			buildSettings = {
				ASSETCATALOG_COMPILER_APPICON_NAME = AppIcon;
				ASSETCATALOG_COMPILER_GLOBAL_ACCENT_COLOR_NAME = AccentColor;
				CODE_SIGN_STYLE = Automatic;
				CURRENT_PROJECT_VERSION = 1;
				DEVELOPMENT_TEAM = 5P9MT7PS5M;
				GENERATE_INFOPLIST_FILE = YES;
				INFOPLIST_FILE = HealthSync/Info.plist;
				INFOPLIST_KEY_UIApplicationSupportsIndirectInputEvents = YES;
				INFOPLIST_KEY_UILaunchStoryboardName = LaunchScreen;
				INFOPLIST_KEY_UISupportedInterfaceOrientations_iPad = "UIInterfaceOrientationPortrait UIInterfaceOrientationPortraitUpsideDown UIInterfaceOrientationLandscapeLeft UIInterfaceOrientationLandscapeRight";
				INFOPLIST_KEY_UISupportedInterfaceOrientations_iPhone = "UIInterfaceOrientationPortrait UIInterfaceOrientationLandscapeLeft UIInterfaceOrientationLandscapeRight";
				LD_RUNPATH_SEARCH_PATHS = (
					"$(inherited)",
					"@executable_path/Frameworks",
				);
				MARKETING_VERSION = 1.0;
				PRODUCT_BUNDLE_IDENTIFIER = com.sanidhya.HealthSync;
				PRODUCT_NAME = "$(TARGET_NAME)";
				SWIFT_EMIT_LOC_STRINGS = YES;
				SWIFT_VERSION = 5.0;
				TARGETED_DEVICE_FAMILY = "1,2";
			};
			name = Debug;
		};
		788DEB5E2DA7EE8F00673B16 /* Release */ = {
			isa = XCBuildConfiguration;
			buildSettings = {
				ASSETCATALOG_COMPILER_APPICON_NAME = AppIcon;
				ASSETCATALOG_COMPILER_GLOBAL_ACCENT_COLOR_NAME = AccentColor;
				CODE_SIGN_STYLE = Automatic;
				CURRENT_PROJECT_VERSION = 1;
				DEVELOPMENT_TEAM = 5P9MT7PS5M;
				GENERATE_INFOPLIST_FILE = YES;
				INFOPLIST_FILE = HealthSync/Info.plist;
				INFOPLIST_KEY_UIApplicationSupportsIndirectInputEvents = YES;
				INFOPLIST_KEY_UILaunchStoryboardName = LaunchScreen;
				INFOPLIST_KEY_UISupportedInterfaceOrientations_iPad = "UIInterfaceOrientationPortrait UIInterfaceOrientationPortraitUpsideDown UIInterfaceOrientationLandscapeLeft UIInterfaceOrientationLandscapeRight";
				INFOPLIST_KEY_UISupportedInterfaceOrientations_iPhone = "UIInterfaceOrientationPortrait UIInterfaceOrientationLandscapeLeft UIInterfaceOrientationLandscapeRight";
				LD_RUNPATH_SEARCH_PATHS = (
					"$(inherited)",
					"@executable_path/Frameworks",
				);
				MARKETING_VERSION = 1.0;
				PRODUCT_BUNDLE_IDENTIFIER = com.sanidhya.HealthSync;
				PRODUCT_NAME = "$(TARGET_NAME)";
				SWIFT_EMIT_LOC_STRINGS = YES;
				SWIFT_VERSION = 5.0;
				TARGETED_DEVICE_FAMILY = "1,2";
			};
			name = Release;
		};
		788DEB5F2DA7EE8F00673B16 /* Debug */ = {
			isa = XCBuildConfiguration;
			buildSettings = {
				ALWAYS_SEARCH_USER_PATHS = NO;
				ASSETCATALOG_COMPILER_GENERATE_SWIFT_ASSET_SYMBOL_EXTENSIONS = YES;
				CLANG_ANALYZER_NONNULL = YES;
				CLANG_ANALYZER_NUMBER_OBJECT_CONVERSION = YES_AGGRESSIVE;
				CLANG_CXX_LANGUAGE_STANDARD = "gnu++20";
				CLANG_ENABLE_MODULES = YES;
				CLANG_ENABLE_OBJC_ARC = YES;
				CLANG_ENABLE_OBJC_WEAK = YES;
				CLANG_WARN_BLOCK_CAPTURE_AUTORELEASING = YES;
				CLANG_WARN_BOOL_CONVERSION = YES;
				CLANG_WARN_COMMA = YES;
				CLANG_WARN_CONSTANT_CONVERSION = YES;
				CLANG_WARN_DEPRECATED_OBJC_IMPLEMENTATIONS = YES;
				CLANG_WARN_DIRECT_OBJC_ISA_USAGE = YES_ERROR;
				CLANG_WARN_DOCUMENTATION_COMMENTS = YES;
				CLANG_WARN_EMPTY_BODY = YES;
				CLANG_WARN_ENUM_CONVERSION = YES;
				CLANG_WARN_INFINITE_RECURSION = YES;
				CLANG_WARN_INT_CONVERSION = YES;
				CLANG_WARN_NON_LITERAL_NULL_CONVERSION = YES;
				CLANG_WARN_OBJC_IMPLICIT_RETAIN_SELF = YES;
				CLANG_WARN_OBJC_LITERAL_CONVERSION = YES;
				CLANG_WARN_OBJC_ROOT_CLASS = YES_ERROR;
				CLANG_WARN_QUOTED_INCLUDE_IN_FRAMEWORK_HEADER = YES;
				CLANG_WARN_RANGE_LOOP_ANALYSIS = YES;
				CLANG_WARN_STRICT_PROTOTYPES = YES;
				CLANG_WARN_SUSPICIOUS_MOVE = YES;
				CLANG_WARN_UNGUARDED_AVAILABILITY = YES_AGGRESSIVE;
				CLANG_WARN_UNREACHABLE_CODE = YES;
				CLANG_WARN__DUPLICATE_METHOD_MATCH = YES;
				COPY_PHASE_STRIP = NO;
				DEBUG_INFORMATION_FORMAT = dwarf;
				ENABLE_STRICT_OBJC_MSGSEND = YES;
				ENABLE_TESTABILITY = YES;
				ENABLE_USER_SCRIPT_SANDBOXING = YES;
				GCC_C_LANGUAGE_STANDARD = gnu17;
				GCC_DYNAMIC_NO_PIC = NO;
				GCC_NO_COMMON_BLOCKS = YES;
				GCC_OPTIMIZATION_LEVEL = 0;
				GCC_PREPROCESSOR_DEFINITIONS = (
					"DEBUG=1",
					"$(inherited)",
				);
				GCC_WARN_64_TO_32_BIT_CONVERSION = YES;
				GCC_WARN_ABOUT_RETURN_TYPE = YES_ERROR;
				GCC_WARN_UNDECLARED_SELECTOR = YES;
				GCC_WARN_UNINITIALIZED_AUTOS = YES_AGGRESSIVE;
				GCC_WARN_UNUSED_FUNCTION = YES;
				GCC_WARN_UNUSED_VARIABLE = YES;
				IPHONEOS_DEPLOYMENT_TARGET = 18.0;
				LOCALIZATION_PREFERS_STRING_CATALOGS = YES;
				MTL_ENABLE_DEBUG_INFO = INCLUDE_SOURCE;
				MTL_FAST_MATH = YES;
				ONLY_ACTIVE_ARCH = YES;
				SDKROOT = iphoneos;
				SWIFT_ACTIVE_COMPILATION_CONDITIONS = "DEBUG $(inherited)";
				SWIFT_OPTIMIZATION_LEVEL = "-Onone";
			};
			name = Debug;
		};
		788DEB602DA7EE8F00673B16 /* Release */ = {
			isa = XCBuildConfiguration;
			buildSettings = {
				ALWAYS_SEARCH_USER_PATHS = NO;
				ASSETCATALOG_COMPILER_GENERATE_SWIFT_ASSET_SYMBOL_EXTENSIONS = YES;
				CLANG_ANALYZER_NONNULL = YES;
				CLANG_ANALYZER_NUMBER_OBJECT_CONVERSION = YES_AGGRESSIVE;
				CLANG_CXX_LANGUAGE_STANDARD = "gnu++20";
				CLANG_ENABLE_MODULES = YES;
				CLANG_ENABLE_OBJC_ARC = YES;
				CLANG_ENABLE_OBJC_WEAK = YES;
				CLANG_WARN_BLOCK_CAPTURE_AUTORELEASING = YES;
				CLANG_WARN_BOOL_CONVERSION = YES;
				CLANG_WARN_COMMA = YES;
				CLANG_WARN_CONSTANT_CONVERSION = YES;
				CLANG_WARN_DEPRECATED_OBJC_IMPLEMENTATIONS = YES;
				CLANG_WARN_DIRECT_OBJC_ISA_USAGE = YES_ERROR;
				CLANG_WARN_DOCUMENTATION_COMMENTS = YES;
				CLANG_WARN_EMPTY_BODY = YES;
				CLANG_WARN_ENUM_CONVERSION = YES;
				CLANG_WARN_INFINITE_RECURSION = YES;
				CLANG_WARN_INT_CONVERSION = YES;
				CLANG_WARN_NON_LITERAL_NULL_CONVERSION = YES;
				CLANG_WARN_OBJC_IMPLICIT_RETAIN_SELF = YES;
				CLANG_WARN_OBJC_LITERAL_CONVERSION = YES;
				CLANG_WARN_OBJC_ROOT_CLASS = YES_ERROR;
				CLANG_WARN_QUOTED_INCLUDE_IN_FRAMEWORK_HEADER = YES;
				CLANG_WARN_RANGE_LOOP_ANALYSIS = YES;
				CLANG_WARN_STRICT_PROTOTYPES = YES;
				CLANG_WARN_SUSPICIOUS_MOVE = YES;
				CLANG_WARN_UNGUARDED_AVAILABILITY = YES_AGGRESSIVE;
				CLANG_WARN_UNREACHABLE_CODE = YES;
				CLANG_WARN__DUPLICATE_METHOD_MATCH = YES;
				COPY_PHASE_STRIP = NO;
				DEBUG_INFORMATION_FORMAT = "dwarf-with-dsym";
				ENABLE_NS_ASSERTIONS = NO;
				ENABLE_STRICT_OBJC_MSGSEND = YES;
				ENABLE_USER_SCRIPT_SANDBOXING = YES;
				GCC_C_LANGUAGE_STANDARD = gnu17;
				GCC_NO_COMMON_BLOCKS = YES;
				GCC_WARN_64_TO_32_BIT_CONVERSION = YES;
				GCC_WARN_ABOUT_RETURN_TYPE = YES_ERROR;
				GCC_WARN_UNDECLARED_SELECTOR = YES;
				GCC_WARN_UNINITIALIZED_AUTOS = YES_AGGRESSIVE;
				GCC_WARN_UNUSED_FUNCTION = YES;
				GCC_WARN_UNUSED_VARIABLE = YES;
				IPHONEOS_DEPLOYMENT_TARGET = 18.0;
				LOCALIZATION_PREFERS_STRING_CATALOGS = YES;
				MTL_ENABLE_DEBUG_INFO = NO;
				MTL_FAST_MATH = YES;
				SDKROOT = iphoneos;
				SWIFT_COMPILATION_MODE = wholemodule;
				VALIDATE_PRODUCT = YES;
			};
			name = Release;
		};
/* End XCBuildConfiguration section */

/* Begin XCConfigurationList section */
		788DEB442DA7EE8D00673B16 /* Build configuration list for PBXProject "HealthSync" */ = {
			isa = XCConfigurationList;
			buildConfigurations = (
				788DEB5F2DA7EE8F00673B16 /* Debug */,
				788DEB602DA7EE8F00673B16 /* Release */,
			);
			defaultConfigurationIsVisible = 0;
			defaultConfigurationName = Release;
		};
		788DEB5C2DA7EE8F00673B16 /* Build configuration list for PBXNativeTarget "HealthSync" */ = {
			isa = XCConfigurationList;
			buildConfigurations = (
				788DEB5D2DA7EE8F00673B16 /* Debug */,
				788DEB5E2DA7EE8F00673B16 /* Release */,
			);
			defaultConfigurationIsVisible = 0;
			defaultConfigurationName = Release;
		};
/* End XCConfigurationList section */

/* Begin XCRemoteSwiftPackageReference section */
		788DEBAF2DA7F06800673B16 /* XCRemoteSwiftPackageReference "firebase-ios-sdk" */ = {
			isa = XCRemoteSwiftPackageReference;
			repositoryURL = "https://github.com/firebase/firebase-ios-sdk";
			requirement = {
				kind = upToNextMajorVersion;
				minimumVersion = 11.11.0;
			};
		};
/* End XCRemoteSwiftPackageReference section */

/* Begin XCSwiftPackageProductDependency section */
		788DEBB02DA7F06800673B16 /* FirebaseAnalytics */ = {
			isa = XCSwiftPackageProductDependency;
			package = 788DEBAF2DA7F06800673B16 /* XCRemoteSwiftPackageReference "firebase-ios-sdk" */;
			productName = FirebaseAnalytics;
		};
		788DEBB22DA7F06800673B16 /* FirebaseAnalyticsOnDeviceConversion */ = {
			isa = XCSwiftPackageProductDependency;
			package = 788DEBAF2DA7F06800673B16 /* XCRemoteSwiftPackageReference "firebase-ios-sdk" */;
			productName = FirebaseAnalyticsOnDeviceConversion;
		};
		788DEBB42DA7F06800673B16 /* FirebaseAnalyticsWithoutAdIdSupport */ = {
			isa = XCSwiftPackageProductDependency;
			package = 788DEBAF2DA7F06800673B16 /* XCRemoteSwiftPackageReference "firebase-ios-sdk" */;
			productName = FirebaseAnalyticsWithoutAdIdSupport;
		};
		788DEBB62DA7F06800673B16 /* FirebaseAppCheck */ = {
			isa = XCSwiftPackageProductDependency;
			package = 788DEBAF2DA7F06800673B16 /* XCRemoteSwiftPackageReference "firebase-ios-sdk" */;
			productName = FirebaseAppCheck;
		};
		788DEBB82DA7F06800673B16 /* FirebaseAppDistribution-Beta */ = {
			isa = XCSwiftPackageProductDependency;
			package = 788DEBAF2DA7F06800673B16 /* XCRemoteSwiftPackageReference "firebase-ios-sdk" */;
			productName = "FirebaseAppDistribution-Beta";
		};
		788DEBBB2DA7F07A00673B16 /* FirebaseAuth */ = {
			isa = XCSwiftPackageProductDependency;
			package = 788DEBAF2DA7F06800673B16 /* XCRemoteSwiftPackageReference "firebase-ios-sdk" */;
			productName = FirebaseAuth;
		};
		788DEBBD2DA7F08000673B16 /* FirebaseCore */ = {
			isa = XCSwiftPackageProductDependency;
			package = 788DEBAF2DA7F06800673B16 /* XCRemoteSwiftPackageReference "firebase-ios-sdk" */;
			productName = FirebaseCore;
		};
		788DEBBF2DA7F08600673B16 /* FirebaseFirestore */ = {
			isa = XCSwiftPackageProductDependency;
			package = 788DEBAF2DA7F06800673B16 /* XCRemoteSwiftPackageReference "firebase-ios-sdk" */;
			productName = FirebaseFirestore;
		};
		788DED2A2DABA0AA00673B16 /* FirebaseStorage */ = {
			isa = XCSwiftPackageProductDependency;
			package = 788DEBAF2DA7F06800673B16 /* XCRemoteSwiftPackageReference "firebase-ios-sdk" */;
			productName = FirebaseStorage;
		};
/* End XCSwiftPackageProductDependency section */
	};
	rootObject = 788DEB412DA7EE8D00673B16 /* Project object */;
}
